
Microsoft Visual Studio Solution File, Format Version 12.00
# Visual Studio 2013
VisualStudioVersion = 12.0.21005.1
MinimumVisualStudioVersion = 10.0.40219.1
Project("{FAE04EC0-301F-11D3-BF4B-00C04F79EFBC}") = "MeGrab.Web", "MeGrab.Web\MeGrab.Web.csproj", "{5810F24A-2A0B-4FC3-9156-1309E6F25E3C}"
EndProject
Project("{FAE04EC0-301F-11D3-BF4B-00C04F79EFBC}") = "MeGrab.Domain", "MeGrab.Domain\MeGrab.Domain.csproj", "{509F2AB9-73A8-4603-84A4-FAC0CF1006F4}"
EndProject
Project("{FAE04EC0-301F-11D3-BF4B-00C04F79EFBC}") = "MeGrab.ServiceContracts", "MeGrab.ServiceContracts\MeGrab.ServiceContracts.csproj", "{FB36DD01-BA85-4492-B4DA-6AE05CD3F0ED}"
EndProject
Project("{2150E333-8FDC-42A3-9474-1A3956D46DE8}") = "MeGrab.Core", "MeGrab.Core", "{319C9C5F-640B-48E5-B42D-24D09DD5DECE}"
EndProject
Project("{FAE04EC0-301F-11D3-BF4B-00C04F79EFBC}") = "Eagle.Core", "Eagle.Core\Eagle.Core.csproj", "{DDCADBEE-4C66-43BD-A1C8-76265134B9F2}"
EndProject
Project("{FAE04EC0-301F-11D3-BF4B-00C04F79EFBC}") = "Eagle.Domain", "Eagle.Domain\Eagle.Domain.csproj", "{3B98F11D-5383-4856-B82A-9EB6AE800603}"
EndProject
Project("{FAE04EC0-301F-11D3-BF4B-00C04F79EFBC}") = "Eagle.Common", "Eagle.Common\Eagle.Common.csproj", "{0CB524D0-68CB-47B8-8B9F-9915CBE19F31}"
EndProject
Project("{FAE04EC0-301F-11D3-BF4B-00C04F79EFBC}") = "Eagle.Web.Core", "Eagle.Web.Core\Eagle.Web.Core.csproj", "{A88DC383-2528-477E-8342-6180F0A3E280}"
EndProject
Project("{FAE04EC0-301F-11D3-BF4B-00C04F79EFBC}") = "Eagle.Web.Caches", "Eagle.Web.Caches\Eagle.Web.Caches.csproj", "{6FA34017-09CB-4C8F-8EF0-D137970C614E}"
EndProject
Project("{FAE04EC0-301F-11D3-BF4B-00C04F79EFBC}") = "Eagle.Repositories.MongoDB", "Eagle.Repositories.MongoDB\Eagle.Repositories.MongoDB.csproj", "{5049C9DD-61B4-4410-A195-5C8E31F53038}"
EndProject
Project("{FAE04EC0-301F-11D3-BF4B-00C04F79EFBC}") = "Eagle.Repositories.Lite", "Eagle.Repositories.Lite\Eagle.Repositories.Lite.csproj", "{BA9B8BA4-B971-429B-8F42-7D5633EBE625}"
EndProject
Project("{FAE04EC0-301F-11D3-BF4B-00C04F79EFBC}") = "Eagle.MessageQueue", "Eagle.MessageQueue\Eagle.MessageQueue.csproj", "{4491A96C-6C9D-4DFF-B576-FE801C2E49AD}"
EndProject
Project("{FAE04EC0-301F-11D3-BF4B-00C04F79EFBC}") = "ServiceStack.OrmLite", "ServiceStack\ServiceStack.OrmLite\ServiceStack.OrmLite.csproj", "{96179AC6-F6F1-40C3-9FDD-4F6582F54C5C}"
EndProject
Project("{FAE04EC0-301F-11D3-BF4B-00C04F79EFBC}") = "ServiceStack.OrmLite.SqlServerV45", "ServiceStack\ServiceStack.OrmLite.SqlServerV45\ServiceStack.OrmLite.SqlServerV45.csproj", "{6F851563-08F6-4692-89F8-F1D6C86F0069}"
EndProject
Project("{FAE04EC0-301F-11D3-BF4B-00C04F79EFBC}") = "MeGrab.Application", "MeGrab.Application\MeGrab.Application.csproj", "{8DDC697A-D926-4FD5-8960-D63CB01A8D73}"
EndProject
Project("{FAE04EC0-301F-11D3-BF4B-00C04F79EFBC}") = "MeGrab.Domain.Repositories", "MeGrab.Domian.Repositories\MeGrab.Domain.Repositories.csproj", "{14F12408-B1A7-43E4-8F7C-E501B2680736}"
EndProject
Project("{FAE04EC0-301F-11D3-BF4B-00C04F79EFBC}") = "MeGrab.DataObjects", "MeGrab.DataObjects\MeGrab.DataObjects.csproj", "{7FC682E3-F9F9-4EDA-B743-45773440E6AC}"
EndProject
Project("{FAE04EC0-301F-11D3-BF4B-00C04F79EFBC}") = "MeGrab.Services", "MeGrab.Services\MeGrab.Services.csproj", "{8955A839-A3BE-4A01-A75C-2B7DA4462E68}"
EndProject
Project("{FAE04EC0-301F-11D3-BF4B-00C04F79EFBC}") = "ServiceStack.OrmLite.MySqlV45", "ServiceStack\ServiceStack.OrmLite.MySql\ServiceStack.OrmLite.MySqlV45.csproj", "{1BCE2206-A9F9-4381-B4F7-F617998447A1}"
EndProject
Project("{FAE04EC0-301F-11D3-BF4B-00C04F79EFBC}") = "MeGrab.Login", "MeGrab.Login\MeGrab.Login.csproj", "{839322A2-4589-4AA5-9A86-EF7DE405AC83}"
EndProject
Project("{FAE04EC0-301F-11D3-BF4B-00C04F79EFBC}") = "Eagle.Web.Security", "Eagle.Web.Security\Eagle.Web.Security.csproj", "{80465BB6-FD12-498B-B367-80A89E19A081}"
EndProject
Project("{FAE04EC0-301F-11D3-BF4B-00C04F79EFBC}") = "MeGrab.Dispatcher", "MeGrab.Dispatcher\MeGrab.Dispatcher.csproj", "{D829889C-D910-48DC-98A4-BECF932A6AD4}"
EndProject
Project("{FAE04EC0-301F-11D3-BF4B-00C04F79EFBC}") = "MeGrab.Infrastructure", "MeGrab.Infrastructure\MeGrab.Infrastructure.csproj", "{23CD4BA9-36A1-4A8E-A7D1-B1034AEF3344}"
EndProject
Global
	GlobalSection(SolutionConfigurationPlatforms) = preSolution
		Debug|Any CPU = Debug|Any CPU
		Debug|Mixed Platforms = Debug|Mixed Platforms
		Debug|x86 = Debug|x86
		MonoTouch|Any CPU = MonoTouch|Any CPU
		MonoTouch|Mixed Platforms = MonoTouch|Mixed Platforms
		MonoTouch|x86 = MonoTouch|x86
		Release|Any CPU = Release|Any CPU
		Release|Mixed Platforms = Release|Mixed Platforms
		Release|x86 = Release|x86
		Signed|Any CPU = Signed|Any CPU
		Signed|Mixed Platforms = Signed|Mixed Platforms
		Signed|x86 = Signed|x86
		STATIC_ONLY NO_EXPRESSIONS|Any CPU = STATIC_ONLY NO_EXPRESSIONS|Any CPU
		STATIC_ONLY NO_EXPRESSIONS|Mixed Platforms = STATIC_ONLY NO_EXPRESSIONS|Mixed Platforms
		STATIC_ONLY NO_EXPRESSIONS|x86 = STATIC_ONLY NO_EXPRESSIONS|x86
	EndGlobalSection
	GlobalSection(ProjectConfigurationPlatforms) = postSolution
		{5810F24A-2A0B-4FC3-9156-1309E6F25E3C}.Debug|Any CPU.ActiveCfg = Debug|Any CPU
		{5810F24A-2A0B-4FC3-9156-1309E6F25E3C}.Debug|Any CPU.Build.0 = Debug|Any CPU
		{5810F24A-2A0B-4FC3-9156-1309E6F25E3C}.Debug|Mixed Platforms.ActiveCfg = Debug|Any CPU
		{5810F24A-2A0B-4FC3-9156-1309E6F25E3C}.Debug|Mixed Platforms.Build.0 = Debug|Any CPU
		{5810F24A-2A0B-4FC3-9156-1309E6F25E3C}.Debug|x86.ActiveCfg = Debug|Any CPU
		{5810F24A-2A0B-4FC3-9156-1309E6F25E3C}.MonoTouch|Any CPU.ActiveCfg = Release|Any CPU
		{5810F24A-2A0B-4FC3-9156-1309E6F25E3C}.MonoTouch|Any CPU.Build.0 = Release|Any CPU
		{5810F24A-2A0B-4FC3-9156-1309E6F25E3C}.MonoTouch|Mixed Platforms.ActiveCfg = Release|Any CPU
		{5810F24A-2A0B-4FC3-9156-1309E6F25E3C}.MonoTouch|Mixed Platforms.Build.0 = Release|Any CPU
		{5810F24A-2A0B-4FC3-9156-1309E6F25E3C}.MonoTouch|x86.ActiveCfg = Release|Any CPU
		{5810F24A-2A0B-4FC3-9156-1309E6F25E3C}.Release|Any CPU.ActiveCfg = Release|Any CPU
		{5810F24A-2A0B-4FC3-9156-1309E6F25E3C}.Release|Any CPU.Build.0 = Release|Any CPU
		{5810F24A-2A0B-4FC3-9156-1309E6F25E3C}.Release|Mixed Platforms.ActiveCfg = Release|Any CPU
		{5810F24A-2A0B-4FC3-9156-1309E6F25E3C}.Release|Mixed Platforms.Build.0 = Release|Any CPU
		{5810F24A-2A0B-4FC3-9156-1309E6F25E3C}.Release|x86.ActiveCfg = Release|Any CPU
		{5810F24A-2A0B-4FC3-9156-1309E6F25E3C}.Signed|Any CPU.ActiveCfg = Release|Any CPU
		{5810F24A-2A0B-4FC3-9156-1309E6F25E3C}.Signed|Any CPU.Build.0 = Release|Any CPU
		{5810F24A-2A0B-4FC3-9156-1309E6F25E3C}.Signed|Mixed Platforms.ActiveCfg = Release|Any CPU
		{5810F24A-2A0B-4FC3-9156-1309E6F25E3C}.Signed|Mixed Platforms.Build.0 = Release|Any CPU
		{5810F24A-2A0B-4FC3-9156-1309E6F25E3C}.Signed|x86.ActiveCfg = Release|Any CPU
		{5810F24A-2A0B-4FC3-9156-1309E6F25E3C}.STATIC_ONLY NO_EXPRESSIONS|Any CPU.ActiveCfg = Release|Any CPU
		{5810F24A-2A0B-4FC3-9156-1309E6F25E3C}.STATIC_ONLY NO_EXPRESSIONS|Any CPU.Build.0 = Release|Any CPU
		{5810F24A-2A0B-4FC3-9156-1309E6F25E3C}.STATIC_ONLY NO_EXPRESSIONS|Mixed Platforms.ActiveCfg = Release|Any CPU
		{5810F24A-2A0B-4FC3-9156-1309E6F25E3C}.STATIC_ONLY NO_EXPRESSIONS|Mixed Platforms.Build.0 = Release|Any CPU
		{5810F24A-2A0B-4FC3-9156-1309E6F25E3C}.STATIC_ONLY NO_EXPRESSIONS|x86.ActiveCfg = Release|Any CPU
		{509F2AB9-73A8-4603-84A4-FAC0CF1006F4}.Debug|Any CPU.ActiveCfg = Debug|Any CPU
		{509F2AB9-73A8-4603-84A4-FAC0CF1006F4}.Debug|Any CPU.Build.0 = Debug|Any CPU
		{509F2AB9-73A8-4603-84A4-FAC0CF1006F4}.Debug|Mixed Platforms.ActiveCfg = Debug|Any CPU
		{509F2AB9-73A8-4603-84A4-FAC0CF1006F4}.Debug|Mixed Platforms.Build.0 = Debug|Any CPU
		{509F2AB9-73A8-4603-84A4-FAC0CF1006F4}.Debug|x86.ActiveCfg = Debug|Any CPU
		{509F2AB9-73A8-4603-84A4-FAC0CF1006F4}.MonoTouch|Any CPU.ActiveCfg = Release|Any CPU
		{509F2AB9-73A8-4603-84A4-FAC0CF1006F4}.MonoTouch|Any CPU.Build.0 = Release|Any CPU
		{509F2AB9-73A8-4603-84A4-FAC0CF1006F4}.MonoTouch|Mixed Platforms.ActiveCfg = Release|Any CPU
		{509F2AB9-73A8-4603-84A4-FAC0CF1006F4}.MonoTouch|Mixed Platforms.Build.0 = Release|Any CPU
		{509F2AB9-73A8-4603-84A4-FAC0CF1006F4}.MonoTouch|x86.ActiveCfg = Release|Any CPU
		{509F2AB9-73A8-4603-84A4-FAC0CF1006F4}.Release|Any CPU.ActiveCfg = Release|Any CPU
		{509F2AB9-73A8-4603-84A4-FAC0CF1006F4}.Release|Any CPU.Build.0 = Release|Any CPU
		{509F2AB9-73A8-4603-84A4-FAC0CF1006F4}.Release|Mixed Platforms.ActiveCfg = Release|Any CPU
		{509F2AB9-73A8-4603-84A4-FAC0CF1006F4}.Release|Mixed Platforms.Build.0 = Release|Any CPU
		{509F2AB9-73A8-4603-84A4-FAC0CF1006F4}.Release|x86.ActiveCfg = Release|Any CPU
		{509F2AB9-73A8-4603-84A4-FAC0CF1006F4}.Signed|Any CPU.ActiveCfg = Release|Any CPU
		{509F2AB9-73A8-4603-84A4-FAC0CF1006F4}.Signed|Any CPU.Build.0 = Release|Any CPU
		{509F2AB9-73A8-4603-84A4-FAC0CF1006F4}.Signed|Mixed Platforms.ActiveCfg = Release|Any CPU
		{509F2AB9-73A8-4603-84A4-FAC0CF1006F4}.Signed|Mixed Platforms.Build.0 = Release|Any CPU
		{509F2AB9-73A8-4603-84A4-FAC0CF1006F4}.Signed|x86.ActiveCfg = Release|Any CPU
		{509F2AB9-73A8-4603-84A4-FAC0CF1006F4}.STATIC_ONLY NO_EXPRESSIONS|Any CPU.ActiveCfg = Release|Any CPU
		{509F2AB9-73A8-4603-84A4-FAC0CF1006F4}.STATIC_ONLY NO_EXPRESSIONS|Any CPU.Build.0 = Release|Any CPU
		{509F2AB9-73A8-4603-84A4-FAC0CF1006F4}.STATIC_ONLY NO_EXPRESSIONS|Mixed Platforms.ActiveCfg = Release|Any CPU
		{509F2AB9-73A8-4603-84A4-FAC0CF1006F4}.STATIC_ONLY NO_EXPRESSIONS|Mixed Platforms.Build.0 = Release|Any CPU
		{509F2AB9-73A8-4603-84A4-FAC0CF1006F4}.STATIC_ONLY NO_EXPRESSIONS|x86.ActiveCfg = Release|Any CPU
		{FB36DD01-BA85-4492-B4DA-6AE05CD3F0ED}.Debug|Any CPU.ActiveCfg = Debug|Any CPU
		{FB36DD01-BA85-4492-B4DA-6AE05CD3F0ED}.Debug|Any CPU.Build.0 = Debug|Any CPU
		{FB36DD01-BA85-4492-B4DA-6AE05CD3F0ED}.Debug|Mixed Platforms.ActiveCfg = Debug|Any CPU
		{FB36DD01-BA85-4492-B4DA-6AE05CD3F0ED}.Debug|Mixed Platforms.Build.0 = Debug|Any CPU
		{FB36DD01-BA85-4492-B4DA-6AE05CD3F0ED}.Debug|x86.ActiveCfg = Debug|Any CPU
		{FB36DD01-BA85-4492-B4DA-6AE05CD3F0ED}.MonoTouch|Any CPU.ActiveCfg = Release|Any CPU
		{FB36DD01-BA85-4492-B4DA-6AE05CD3F0ED}.MonoTouch|Any CPU.Build.0 = Release|Any CPU
		{FB36DD01-BA85-4492-B4DA-6AE05CD3F0ED}.MonoTouch|Mixed Platforms.ActiveCfg = Release|Any CPU
		{FB36DD01-BA85-4492-B4DA-6AE05CD3F0ED}.MonoTouch|Mixed Platforms.Build.0 = Release|Any CPU
		{FB36DD01-BA85-4492-B4DA-6AE05CD3F0ED}.MonoTouch|x86.ActiveCfg = Release|Any CPU
		{FB36DD01-BA85-4492-B4DA-6AE05CD3F0ED}.Release|Any CPU.ActiveCfg = Release|Any CPU
		{FB36DD01-BA85-4492-B4DA-6AE05CD3F0ED}.Release|Any CPU.Build.0 = Release|Any CPU
		{FB36DD01-BA85-4492-B4DA-6AE05CD3F0ED}.Release|Mixed Platforms.ActiveCfg = Release|Any CPU
		{FB36DD01-BA85-4492-B4DA-6AE05CD3F0ED}.Release|Mixed Platforms.Build.0 = Release|Any CPU
		{FB36DD01-BA85-4492-B4DA-6AE05CD3F0ED}.Release|x86.ActiveCfg = Release|Any CPU
		{FB36DD01-BA85-4492-B4DA-6AE05CD3F0ED}.Signed|Any CPU.ActiveCfg = Release|Any CPU
		{FB36DD01-BA85-4492-B4DA-6AE05CD3F0ED}.Signed|Any CPU.Build.0 = Release|Any CPU
		{FB36DD01-BA85-4492-B4DA-6AE05CD3F0ED}.Signed|Mixed Platforms.ActiveCfg = Release|Any CPU
		{FB36DD01-BA85-4492-B4DA-6AE05CD3F0ED}.Signed|Mixed Platforms.Build.0 = Release|Any CPU
		{FB36DD01-BA85-4492-B4DA-6AE05CD3F0ED}.Signed|x86.ActiveCfg = Release|Any CPU
		{FB36DD01-BA85-4492-B4DA-6AE05CD3F0ED}.STATIC_ONLY NO_EXPRESSIONS|Any CPU.ActiveCfg = Release|Any CPU
		{FB36DD01-BA85-4492-B4DA-6AE05CD3F0ED}.STATIC_ONLY NO_EXPRESSIONS|Any CPU.Build.0 = Release|Any CPU
		{FB36DD01-BA85-4492-B4DA-6AE05CD3F0ED}.STATIC_ONLY NO_EXPRESSIONS|Mixed Platforms.ActiveCfg = Release|Any CPU
		{FB36DD01-BA85-4492-B4DA-6AE05CD3F0ED}.STATIC_ONLY NO_EXPRESSIONS|Mixed Platforms.Build.0 = Release|Any CPU
		{FB36DD01-BA85-4492-B4DA-6AE05CD3F0ED}.STATIC_ONLY NO_EXPRESSIONS|x86.ActiveCfg = Release|Any CPU
		{DDCADBEE-4C66-43BD-A1C8-76265134B9F2}.Debug|Any CPU.ActiveCfg = Debug|Any CPU
		{DDCADBEE-4C66-43BD-A1C8-76265134B9F2}.Debug|Any CPU.Build.0 = Debug|Any CPU
		{DDCADBEE-4C66-43BD-A1C8-76265134B9F2}.Debug|Mixed Platforms.ActiveCfg = Debug|Any CPU
		{DDCADBEE-4C66-43BD-A1C8-76265134B9F2}.Debug|Mixed Platforms.Build.0 = Debug|Any CPU
		{DDCADBEE-4C66-43BD-A1C8-76265134B9F2}.Debug|x86.ActiveCfg = Debug|Any CPU
		{DDCADBEE-4C66-43BD-A1C8-76265134B9F2}.MonoTouch|Any CPU.ActiveCfg = Release|Any CPU
		{DDCADBEE-4C66-43BD-A1C8-76265134B9F2}.MonoTouch|Any CPU.Build.0 = Release|Any CPU
		{DDCADBEE-4C66-43BD-A1C8-76265134B9F2}.MonoTouch|Mixed Platforms.ActiveCfg = Release|Any CPU
		{DDCADBEE-4C66-43BD-A1C8-76265134B9F2}.MonoTouch|Mixed Platforms.Build.0 = Release|Any CPU
		{DDCADBEE-4C66-43BD-A1C8-76265134B9F2}.MonoTouch|x86.ActiveCfg = Release|Any CPU
		{DDCADBEE-4C66-43BD-A1C8-76265134B9F2}.Release|Any CPU.ActiveCfg = Release|Any CPU
		{DDCADBEE-4C66-43BD-A1C8-76265134B9F2}.Release|Any CPU.Build.0 = Release|Any CPU
		{DDCADBEE-4C66-43BD-A1C8-76265134B9F2}.Release|Mixed Platforms.ActiveCfg = Release|Any CPU
		{DDCADBEE-4C66-43BD-A1C8-76265134B9F2}.Release|Mixed Platforms.Build.0 = Release|Any CPU
		{DDCADBEE-4C66-43BD-A1C8-76265134B9F2}.Release|x86.ActiveCfg = Release|Any CPU
		{DDCADBEE-4C66-43BD-A1C8-76265134B9F2}.Signed|Any CPU.ActiveCfg = Release|Any CPU
		{DDCADBEE-4C66-43BD-A1C8-76265134B9F2}.Signed|Any CPU.Build.0 = Release|Any CPU
		{DDCADBEE-4C66-43BD-A1C8-76265134B9F2}.Signed|Mixed Platforms.ActiveCfg = Release|Any CPU
		{DDCADBEE-4C66-43BD-A1C8-76265134B9F2}.Signed|Mixed Platforms.Build.0 = Release|Any CPU
		{DDCADBEE-4C66-43BD-A1C8-76265134B9F2}.Signed|x86.ActiveCfg = Release|Any CPU
		{DDCADBEE-4C66-43BD-A1C8-76265134B9F2}.STATIC_ONLY NO_EXPRESSIONS|Any CPU.ActiveCfg = Release|Any CPU
		{DDCADBEE-4C66-43BD-A1C8-76265134B9F2}.STATIC_ONLY NO_EXPRESSIONS|Any CPU.Build.0 = Release|Any CPU
		{DDCADBEE-4C66-43BD-A1C8-76265134B9F2}.STATIC_ONLY NO_EXPRESSIONS|Mixed Platforms.ActiveCfg = Release|Any CPU
		{DDCADBEE-4C66-43BD-A1C8-76265134B9F2}.STATIC_ONLY NO_EXPRESSIONS|Mixed Platforms.Build.0 = Release|Any CPU
		{DDCADBEE-4C66-43BD-A1C8-76265134B9F2}.STATIC_ONLY NO_EXPRESSIONS|x86.ActiveCfg = Release|Any CPU
		{3B98F11D-5383-4856-B82A-9EB6AE800603}.Debug|Any CPU.ActiveCfg = Debug|Any CPU
		{3B98F11D-5383-4856-B82A-9EB6AE800603}.Debug|Any CPU.Build.0 = Debug|Any CPU
		{3B98F11D-5383-4856-B82A-9EB6AE800603}.Debug|Mixed Platforms.ActiveCfg = Debug|Any CPU
		{3B98F11D-5383-4856-B82A-9EB6AE800603}.Debug|Mixed Platforms.Build.0 = Debug|Any CPU
		{3B98F11D-5383-4856-B82A-9EB6AE800603}.Debug|x86.ActiveCfg = Debug|Any CPU
		{3B98F11D-5383-4856-B82A-9EB6AE800603}.MonoTouch|Any CPU.ActiveCfg = Release|Any CPU
		{3B98F11D-5383-4856-B82A-9EB6AE800603}.MonoTouch|Any CPU.Build.0 = Release|Any CPU
		{3B98F11D-5383-4856-B82A-9EB6AE800603}.MonoTouch|Mixed Platforms.ActiveCfg = Release|Any CPU
		{3B98F11D-5383-4856-B82A-9EB6AE800603}.MonoTouch|Mixed Platforms.Build.0 = Release|Any CPU
		{3B98F11D-5383-4856-B82A-9EB6AE800603}.MonoTouch|x86.ActiveCfg = Release|Any CPU
		{3B98F11D-5383-4856-B82A-9EB6AE800603}.Release|Any CPU.ActiveCfg = Release|Any CPU
		{3B98F11D-5383-4856-B82A-9EB6AE800603}.Release|Any CPU.Build.0 = Release|Any CPU
		{3B98F11D-5383-4856-B82A-9EB6AE800603}.Release|Mixed Platforms.ActiveCfg = Release|Any CPU
		{3B98F11D-5383-4856-B82A-9EB6AE800603}.Release|Mixed Platforms.Build.0 = Release|Any CPU
		{3B98F11D-5383-4856-B82A-9EB6AE800603}.Release|x86.ActiveCfg = Release|Any CPU
		{3B98F11D-5383-4856-B82A-9EB6AE800603}.Signed|Any CPU.ActiveCfg = Release|Any CPU
		{3B98F11D-5383-4856-B82A-9EB6AE800603}.Signed|Any CPU.Build.0 = Release|Any CPU
		{3B98F11D-5383-4856-B82A-9EB6AE800603}.Signed|Mixed Platforms.ActiveCfg = Release|Any CPU
		{3B98F11D-5383-4856-B82A-9EB6AE800603}.Signed|Mixed Platforms.Build.0 = Release|Any CPU
		{3B98F11D-5383-4856-B82A-9EB6AE800603}.Signed|x86.ActiveCfg = Release|Any CPU
		{3B98F11D-5383-4856-B82A-9EB6AE800603}.STATIC_ONLY NO_EXPRESSIONS|Any CPU.ActiveCfg = Release|Any CPU
		{3B98F11D-5383-4856-B82A-9EB6AE800603}.STATIC_ONLY NO_EXPRESSIONS|Any CPU.Build.0 = Release|Any CPU
		{3B98F11D-5383-4856-B82A-9EB6AE800603}.STATIC_ONLY NO_EXPRESSIONS|Mixed Platforms.ActiveCfg = Release|Any CPU
		{3B98F11D-5383-4856-B82A-9EB6AE800603}.STATIC_ONLY NO_EXPRESSIONS|Mixed Platforms.Build.0 = Release|Any CPU
		{3B98F11D-5383-4856-B82A-9EB6AE800603}.STATIC_ONLY NO_EXPRESSIONS|x86.ActiveCfg = Release|Any CPU
		{0CB524D0-68CB-47B8-8B9F-9915CBE19F31}.Debug|Any CPU.ActiveCfg = Debug|Any CPU
		{0CB524D0-68CB-47B8-8B9F-9915CBE19F31}.Debug|Any CPU.Build.0 = Debug|Any CPU
		{0CB524D0-68CB-47B8-8B9F-9915CBE19F31}.Debug|Mixed Platforms.ActiveCfg = Debug|Any CPU
		{0CB524D0-68CB-47B8-8B9F-9915CBE19F31}.Debug|Mixed Platforms.Build.0 = Debug|Any CPU
		{0CB524D0-68CB-47B8-8B9F-9915CBE19F31}.Debug|x86.ActiveCfg = Debug|Any CPU
		{0CB524D0-68CB-47B8-8B9F-9915CBE19F31}.MonoTouch|Any CPU.ActiveCfg = Release|Any CPU
		{0CB524D0-68CB-47B8-8B9F-9915CBE19F31}.MonoTouch|Any CPU.Build.0 = Release|Any CPU
		{0CB524D0-68CB-47B8-8B9F-9915CBE19F31}.MonoTouch|Mixed Platforms.ActiveCfg = Release|Any CPU
		{0CB524D0-68CB-47B8-8B9F-9915CBE19F31}.MonoTouch|Mixed Platforms.Build.0 = Release|Any CPU
		{0CB524D0-68CB-47B8-8B9F-9915CBE19F31}.MonoTouch|x86.ActiveCfg = Release|Any CPU
		{0CB524D0-68CB-47B8-8B9F-9915CBE19F31}.Release|Any CPU.ActiveCfg = Release|Any CPU
		{0CB524D0-68CB-47B8-8B9F-9915CBE19F31}.Release|Any CPU.Build.0 = Release|Any CPU
		{0CB524D0-68CB-47B8-8B9F-9915CBE19F31}.Release|Mixed Platforms.ActiveCfg = Release|Any CPU
		{0CB524D0-68CB-47B8-8B9F-9915CBE19F31}.Release|Mixed Platforms.Build.0 = Release|Any CPU
		{0CB524D0-68CB-47B8-8B9F-9915CBE19F31}.Release|x86.ActiveCfg = Release|Any CPU
		{0CB524D0-68CB-47B8-8B9F-9915CBE19F31}.Signed|Any CPU.ActiveCfg = Release|Any CPU
		{0CB524D0-68CB-47B8-8B9F-9915CBE19F31}.Signed|Any CPU.Build.0 = Release|Any CPU
		{0CB524D0-68CB-47B8-8B9F-9915CBE19F31}.Signed|Mixed Platforms.ActiveCfg = Release|Any CPU
		{0CB524D0-68CB-47B8-8B9F-9915CBE19F31}.Signed|Mixed Platforms.Build.0 = Release|Any CPU
		{0CB524D0-68CB-47B8-8B9F-9915CBE19F31}.Signed|x86.ActiveCfg = Release|Any CPU
		{0CB524D0-68CB-47B8-8B9F-9915CBE19F31}.STATIC_ONLY NO_EXPRESSIONS|Any CPU.ActiveCfg = Release|Any CPU
		{0CB524D0-68CB-47B8-8B9F-9915CBE19F31}.STATIC_ONLY NO_EXPRESSIONS|Any CPU.Build.0 = Release|Any CPU
		{0CB524D0-68CB-47B8-8B9F-9915CBE19F31}.STATIC_ONLY NO_EXPRESSIONS|Mixed Platforms.ActiveCfg = Release|Any CPU
		{0CB524D0-68CB-47B8-8B9F-9915CBE19F31}.STATIC_ONLY NO_EXPRESSIONS|Mixed Platforms.Build.0 = Release|Any CPU
		{0CB524D0-68CB-47B8-8B9F-9915CBE19F31}.STATIC_ONLY NO_EXPRESSIONS|x86.ActiveCfg = Release|Any CPU
		{A88DC383-2528-477E-8342-6180F0A3E280}.Debug|Any CPU.ActiveCfg = Debug|Any CPU
		{A88DC383-2528-477E-8342-6180F0A3E280}.Debug|Any CPU.Build.0 = Debug|Any CPU
		{A88DC383-2528-477E-8342-6180F0A3E280}.Debug|Mixed Platforms.ActiveCfg = Debug|Any CPU
		{A88DC383-2528-477E-8342-6180F0A3E280}.Debug|Mixed Platforms.Build.0 = Debug|Any CPU
		{A88DC383-2528-477E-8342-6180F0A3E280}.Debug|x86.ActiveCfg = Debug|Any CPU
		{A88DC383-2528-477E-8342-6180F0A3E280}.MonoTouch|Any CPU.ActiveCfg = Release|Any CPU
		{A88DC383-2528-477E-8342-6180F0A3E280}.MonoTouch|Any CPU.Build.0 = Release|Any CPU
		{A88DC383-2528-477E-8342-6180F0A3E280}.MonoTouch|Mixed Platforms.ActiveCfg = Release|Any CPU
		{A88DC383-2528-477E-8342-6180F0A3E280}.MonoTouch|Mixed Platforms.Build.0 = Release|Any CPU
		{A88DC383-2528-477E-8342-6180F0A3E280}.MonoTouch|x86.ActiveCfg = Release|Any CPU
		{A88DC383-2528-477E-8342-6180F0A3E280}.Release|Any CPU.ActiveCfg = Release|Any CPU
		{A88DC383-2528-477E-8342-6180F0A3E280}.Release|Any CPU.Build.0 = Release|Any CPU
		{A88DC383-2528-477E-8342-6180F0A3E280}.Release|Mixed Platforms.ActiveCfg = Release|Any CPU
		{A88DC383-2528-477E-8342-6180F0A3E280}.Release|Mixed Platforms.Build.0 = Release|Any CPU
		{A88DC383-2528-477E-8342-6180F0A3E280}.Release|x86.ActiveCfg = Release|Any CPU
		{A88DC383-2528-477E-8342-6180F0A3E280}.Signed|Any CPU.ActiveCfg = Release|Any CPU
		{A88DC383-2528-477E-8342-6180F0A3E280}.Signed|Any CPU.Build.0 = Release|Any CPU
		{A88DC383-2528-477E-8342-6180F0A3E280}.Signed|Mixed Platforms.ActiveCfg = Release|Any CPU
		{A88DC383-2528-477E-8342-6180F0A3E280}.Signed|Mixed Platforms.Build.0 = Release|Any CPU
		{A88DC383-2528-477E-8342-6180F0A3E280}.Signed|x86.ActiveCfg = Release|Any CPU
		{A88DC383-2528-477E-8342-6180F0A3E280}.STATIC_ONLY NO_EXPRESSIONS|Any CPU.ActiveCfg = Release|Any CPU
		{A88DC383-2528-477E-8342-6180F0A3E280}.STATIC_ONLY NO_EXPRESSIONS|Any CPU.Build.0 = Release|Any CPU
		{A88DC383-2528-477E-8342-6180F0A3E280}.STATIC_ONLY NO_EXPRESSIONS|Mixed Platforms.ActiveCfg = Release|Any CPU
		{A88DC383-2528-477E-8342-6180F0A3E280}.STATIC_ONLY NO_EXPRESSIONS|Mixed Platforms.Build.0 = Release|Any CPU
		{A88DC383-2528-477E-8342-6180F0A3E280}.STATIC_ONLY NO_EXPRESSIONS|x86.ActiveCfg = Release|Any CPU
		{6FA34017-09CB-4C8F-8EF0-D137970C614E}.Debug|Any CPU.ActiveCfg = Debug|Any CPU
		{6FA34017-09CB-4C8F-8EF0-D137970C614E}.Debug|Any CPU.Build.0 = Debug|Any CPU
		{6FA34017-09CB-4C8F-8EF0-D137970C614E}.Debug|Mixed Platforms.ActiveCfg = Debug|Any CPU
		{6FA34017-09CB-4C8F-8EF0-D137970C614E}.Debug|Mixed Platforms.Build.0 = Debug|Any CPU
		{6FA34017-09CB-4C8F-8EF0-D137970C614E}.Debug|x86.ActiveCfg = Debug|Any CPU
		{6FA34017-09CB-4C8F-8EF0-D137970C614E}.MonoTouch|Any CPU.ActiveCfg = Release|Any CPU
		{6FA34017-09CB-4C8F-8EF0-D137970C614E}.MonoTouch|Any CPU.Build.0 = Release|Any CPU
		{6FA34017-09CB-4C8F-8EF0-D137970C614E}.MonoTouch|Mixed Platforms.ActiveCfg = Release|Any CPU
		{6FA34017-09CB-4C8F-8EF0-D137970C614E}.MonoTouch|Mixed Platforms.Build.0 = Release|Any CPU
		{6FA34017-09CB-4C8F-8EF0-D137970C614E}.MonoTouch|x86.ActiveCfg = Release|Any CPU
		{6FA34017-09CB-4C8F-8EF0-D137970C614E}.Release|Any CPU.ActiveCfg = Release|Any CPU
		{6FA34017-09CB-4C8F-8EF0-D137970C614E}.Release|Any CPU.Build.0 = Release|Any CPU
		{6FA34017-09CB-4C8F-8EF0-D137970C614E}.Release|Mixed Platforms.ActiveCfg = Release|Any CPU
		{6FA34017-09CB-4C8F-8EF0-D137970C614E}.Release|Mixed Platforms.Build.0 = Release|Any CPU
		{6FA34017-09CB-4C8F-8EF0-D137970C614E}.Release|x86.ActiveCfg = Release|Any CPU
		{6FA34017-09CB-4C8F-8EF0-D137970C614E}.Signed|Any CPU.ActiveCfg = Release|Any CPU
		{6FA34017-09CB-4C8F-8EF0-D137970C614E}.Signed|Any CPU.Build.0 = Release|Any CPU
		{6FA34017-09CB-4C8F-8EF0-D137970C614E}.Signed|Mixed Platforms.ActiveCfg = Release|Any CPU
		{6FA34017-09CB-4C8F-8EF0-D137970C614E}.Signed|Mixed Platforms.Build.0 = Release|Any CPU
		{6FA34017-09CB-4C8F-8EF0-D137970C614E}.Signed|x86.ActiveCfg = Release|Any CPU
		{6FA34017-09CB-4C8F-8EF0-D137970C614E}.STATIC_ONLY NO_EXPRESSIONS|Any CPU.ActiveCfg = Release|Any CPU
		{6FA34017-09CB-4C8F-8EF0-D137970C614E}.STATIC_ONLY NO_EXPRESSIONS|Any CPU.Build.0 = Release|Any CPU
		{6FA34017-09CB-4C8F-8EF0-D137970C614E}.STATIC_ONLY NO_EXPRESSIONS|Mixed Platforms.ActiveCfg = Release|Any CPU
		{6FA34017-09CB-4C8F-8EF0-D137970C614E}.STATIC_ONLY NO_EXPRESSIONS|Mixed Platforms.Build.0 = Release|Any CPU
		{6FA34017-09CB-4C8F-8EF0-D137970C614E}.STATIC_ONLY NO_EXPRESSIONS|x86.ActiveCfg = Release|Any CPU
		{5049C9DD-61B4-4410-A195-5C8E31F53038}.Debug|Any CPU.ActiveCfg = Debug|Any CPU
		{5049C9DD-61B4-4410-A195-5C8E31F53038}.Debug|Any CPU.Build.0 = Debug|Any CPU
		{5049C9DD-61B4-4410-A195-5C8E31F53038}.Debug|Mixed Platforms.ActiveCfg = Debug|Any CPU
		{5049C9DD-61B4-4410-A195-5C8E31F53038}.Debug|Mixed Platforms.Build.0 = Debug|Any CPU
		{5049C9DD-61B4-4410-A195-5C8E31F53038}.Debug|x86.ActiveCfg = Debug|Any CPU
		{5049C9DD-61B4-4410-A195-5C8E31F53038}.MonoTouch|Any CPU.ActiveCfg = Release|Any CPU
		{5049C9DD-61B4-4410-A195-5C8E31F53038}.MonoTouch|Any CPU.Build.0 = Release|Any CPU
		{5049C9DD-61B4-4410-A195-5C8E31F53038}.MonoTouch|Mixed Platforms.ActiveCfg = Release|Any CPU
		{5049C9DD-61B4-4410-A195-5C8E31F53038}.MonoTouch|Mixed Platforms.Build.0 = Release|Any CPU
		{5049C9DD-61B4-4410-A195-5C8E31F53038}.MonoTouch|x86.ActiveCfg = Release|Any CPU
		{5049C9DD-61B4-4410-A195-5C8E31F53038}.Release|Any CPU.ActiveCfg = Release|Any CPU
		{5049C9DD-61B4-4410-A195-5C8E31F53038}.Release|Any CPU.Build.0 = Release|Any CPU
		{5049C9DD-61B4-4410-A195-5C8E31F53038}.Release|Mixed Platforms.ActiveCfg = Release|Any CPU
		{5049C9DD-61B4-4410-A195-5C8E31F53038}.Release|Mixed Platforms.Build.0 = Release|Any CPU
		{5049C9DD-61B4-4410-A195-5C8E31F53038}.Release|x86.ActiveCfg = Release|Any CPU
		{5049C9DD-61B4-4410-A195-5C8E31F53038}.Signed|Any CPU.ActiveCfg = Release|Any CPU
		{5049C9DD-61B4-4410-A195-5C8E31F53038}.Signed|Any CPU.Build.0 = Release|Any CPU
		{5049C9DD-61B4-4410-A195-5C8E31F53038}.Signed|Mixed Platforms.ActiveCfg = Release|Any CPU
		{5049C9DD-61B4-4410-A195-5C8E31F53038}.Signed|Mixed Platforms.Build.0 = Release|Any CPU
		{5049C9DD-61B4-4410-A195-5C8E31F53038}.Signed|x86.ActiveCfg = Release|Any CPU
		{5049C9DD-61B4-4410-A195-5C8E31F53038}.STATIC_ONLY NO_EXPRESSIONS|Any CPU.ActiveCfg = Release|Any CPU
		{5049C9DD-61B4-4410-A195-5C8E31F53038}.STATIC_ONLY NO_EXPRESSIONS|Any CPU.Build.0 = Release|Any CPU
		{5049C9DD-61B4-4410-A195-5C8E31F53038}.STATIC_ONLY NO_EXPRESSIONS|Mixed Platforms.ActiveCfg = Release|Any CPU
		{5049C9DD-61B4-4410-A195-5C8E31F53038}.STATIC_ONLY NO_EXPRESSIONS|Mixed Platforms.Build.0 = Release|Any CPU
		{5049C9DD-61B4-4410-A195-5C8E31F53038}.STATIC_ONLY NO_EXPRESSIONS|x86.ActiveCfg = Release|Any CPU
		{BA9B8BA4-B971-429B-8F42-7D5633EBE625}.Debug|Any CPU.ActiveCfg = Debug|Any CPU
		{BA9B8BA4-B971-429B-8F42-7D5633EBE625}.Debug|Any CPU.Build.0 = Debug|Any CPU
		{BA9B8BA4-B971-429B-8F42-7D5633EBE625}.Debug|Mixed Platforms.ActiveCfg = Debug|Any CPU
		{BA9B8BA4-B971-429B-8F42-7D5633EBE625}.Debug|Mixed Platforms.Build.0 = Debug|Any CPU
		{BA9B8BA4-B971-429B-8F42-7D5633EBE625}.Debug|x86.ActiveCfg = Debug|Any CPU
		{BA9B8BA4-B971-429B-8F42-7D5633EBE625}.MonoTouch|Any CPU.ActiveCfg = Release|Any CPU
		{BA9B8BA4-B971-429B-8F42-7D5633EBE625}.MonoTouch|Any CPU.Build.0 = Release|Any CPU
		{BA9B8BA4-B971-429B-8F42-7D5633EBE625}.MonoTouch|Mixed Platforms.ActiveCfg = Release|Any CPU
		{BA9B8BA4-B971-429B-8F42-7D5633EBE625}.MonoTouch|Mixed Platforms.Build.0 = Release|Any CPU
		{BA9B8BA4-B971-429B-8F42-7D5633EBE625}.MonoTouch|x86.ActiveCfg = Release|Any CPU
		{BA9B8BA4-B971-429B-8F42-7D5633EBE625}.Release|Any CPU.ActiveCfg = Release|Any CPU
		{BA9B8BA4-B971-429B-8F42-7D5633EBE625}.Release|Any CPU.Build.0 = Release|Any CPU
		{BA9B8BA4-B971-429B-8F42-7D5633EBE625}.Release|Mixed Platforms.ActiveCfg = Release|Any CPU
		{BA9B8BA4-B971-429B-8F42-7D5633EBE625}.Release|Mixed Platforms.Build.0 = Release|Any CPU
		{BA9B8BA4-B971-429B-8F42-7D5633EBE625}.Release|x86.ActiveCfg = Release|Any CPU
		{BA9B8BA4-B971-429B-8F42-7D5633EBE625}.Signed|Any CPU.ActiveCfg = Release|Any CPU
		{BA9B8BA4-B971-429B-8F42-7D5633EBE625}.Signed|Any CPU.Build.0 = Release|Any CPU
		{BA9B8BA4-B971-429B-8F42-7D5633EBE625}.Signed|Mixed Platforms.ActiveCfg = Release|Any CPU
		{BA9B8BA4-B971-429B-8F42-7D5633EBE625}.Signed|Mixed Platforms.Build.0 = Release|Any CPU
		{BA9B8BA4-B971-429B-8F42-7D5633EBE625}.Signed|x86.ActiveCfg = Release|Any CPU
		{BA9B8BA4-B971-429B-8F42-7D5633EBE625}.STATIC_ONLY NO_EXPRESSIONS|Any CPU.ActiveCfg = Release|Any CPU
		{BA9B8BA4-B971-429B-8F42-7D5633EBE625}.STATIC_ONLY NO_EXPRESSIONS|Any CPU.Build.0 = Release|Any CPU
		{BA9B8BA4-B971-429B-8F42-7D5633EBE625}.STATIC_ONLY NO_EXPRESSIONS|Mixed Platforms.ActiveCfg = Release|Any CPU
		{BA9B8BA4-B971-429B-8F42-7D5633EBE625}.STATIC_ONLY NO_EXPRESSIONS|Mixed Platforms.Build.0 = Release|Any CPU
		{BA9B8BA4-B971-429B-8F42-7D5633EBE625}.STATIC_ONLY NO_EXPRESSIONS|x86.ActiveCfg = Release|Any CPU
		{4491A96C-6C9D-4DFF-B576-FE801C2E49AD}.Debug|Any CPU.ActiveCfg = Debug|x86
		{4491A96C-6C9D-4DFF-B576-FE801C2E49AD}.Debug|Mixed Platforms.ActiveCfg = Debug|x86
		{4491A96C-6C9D-4DFF-B576-FE801C2E49AD}.Debug|Mixed Platforms.Build.0 = Debug|x86
		{4491A96C-6C9D-4DFF-B576-FE801C2E49AD}.Debug|x86.ActiveCfg = Debug|x86
		{4491A96C-6C9D-4DFF-B576-FE801C2E49AD}.Debug|x86.Build.0 = Debug|x86
		{4491A96C-6C9D-4DFF-B576-FE801C2E49AD}.MonoTouch|Any CPU.ActiveCfg = Release|x86
		{4491A96C-6C9D-4DFF-B576-FE801C2E49AD}.MonoTouch|Mixed Platforms.ActiveCfg = Release|x86
		{4491A96C-6C9D-4DFF-B576-FE801C2E49AD}.MonoTouch|Mixed Platforms.Build.0 = Release|x86
		{4491A96C-6C9D-4DFF-B576-FE801C2E49AD}.MonoTouch|x86.ActiveCfg = Release|x86
		{4491A96C-6C9D-4DFF-B576-FE801C2E49AD}.MonoTouch|x86.Build.0 = Release|x86
		{4491A96C-6C9D-4DFF-B576-FE801C2E49AD}.Release|Any CPU.ActiveCfg = Release|x86
		{4491A96C-6C9D-4DFF-B576-FE801C2E49AD}.Release|Mixed Platforms.ActiveCfg = Release|x86
		{4491A96C-6C9D-4DFF-B576-FE801C2E49AD}.Release|Mixed Platforms.Build.0 = Release|x86
		{4491A96C-6C9D-4DFF-B576-FE801C2E49AD}.Release|x86.ActiveCfg = Release|x86
		{4491A96C-6C9D-4DFF-B576-FE801C2E49AD}.Release|x86.Build.0 = Release|x86
		{4491A96C-6C9D-4DFF-B576-FE801C2E49AD}.Signed|Any CPU.ActiveCfg = Release|x86
		{4491A96C-6C9D-4DFF-B576-FE801C2E49AD}.Signed|Mixed Platforms.ActiveCfg = Release|x86
		{4491A96C-6C9D-4DFF-B576-FE801C2E49AD}.Signed|Mixed Platforms.Build.0 = Release|x86
		{4491A96C-6C9D-4DFF-B576-FE801C2E49AD}.Signed|x86.ActiveCfg = Release|x86
		{4491A96C-6C9D-4DFF-B576-FE801C2E49AD}.Signed|x86.Build.0 = Release|x86
		{4491A96C-6C9D-4DFF-B576-FE801C2E49AD}.STATIC_ONLY NO_EXPRESSIONS|Any CPU.ActiveCfg = Release|x86
		{4491A96C-6C9D-4DFF-B576-FE801C2E49AD}.STATIC_ONLY NO_EXPRESSIONS|Mixed Platforms.ActiveCfg = Release|x86
		{4491A96C-6C9D-4DFF-B576-FE801C2E49AD}.STATIC_ONLY NO_EXPRESSIONS|Mixed Platforms.Build.0 = Release|x86
		{4491A96C-6C9D-4DFF-B576-FE801C2E49AD}.STATIC_ONLY NO_EXPRESSIONS|x86.ActiveCfg = Release|x86
		{4491A96C-6C9D-4DFF-B576-FE801C2E49AD}.STATIC_ONLY NO_EXPRESSIONS|x86.Build.0 = Release|x86
		{96179AC6-F6F1-40C3-9FDD-4F6582F54C5C}.Debug|Any CPU.ActiveCfg = Debug|Any CPU
		{96179AC6-F6F1-40C3-9FDD-4F6582F54C5C}.Debug|Any CPU.Build.0 = Debug|Any CPU
		{96179AC6-F6F1-40C3-9FDD-4F6582F54C5C}.Debug|Mixed Platforms.ActiveCfg = Debug|Any CPU
		{96179AC6-F6F1-40C3-9FDD-4F6582F54C5C}.Debug|Mixed Platforms.Build.0 = Debug|Any CPU
		{96179AC6-F6F1-40C3-9FDD-4F6582F54C5C}.Debug|x86.ActiveCfg = Debug|Any CPU
		{96179AC6-F6F1-40C3-9FDD-4F6582F54C5C}.MonoTouch|Any CPU.ActiveCfg = MonoTouch|Any CPU
		{96179AC6-F6F1-40C3-9FDD-4F6582F54C5C}.MonoTouch|Any CPU.Build.0 = MonoTouch|Any CPU
		{96179AC6-F6F1-40C3-9FDD-4F6582F54C5C}.MonoTouch|Mixed Platforms.ActiveCfg = MonoTouch|Any CPU
		{96179AC6-F6F1-40C3-9FDD-4F6582F54C5C}.MonoTouch|Mixed Platforms.Build.0 = MonoTouch|Any CPU
		{96179AC6-F6F1-40C3-9FDD-4F6582F54C5C}.MonoTouch|x86.ActiveCfg = MonoTouch|Any CPU
		{96179AC6-F6F1-40C3-9FDD-4F6582F54C5C}.Release|Any CPU.ActiveCfg = Release|Any CPU
		{96179AC6-F6F1-40C3-9FDD-4F6582F54C5C}.Release|Any CPU.Build.0 = Release|Any CPU
		{96179AC6-F6F1-40C3-9FDD-4F6582F54C5C}.Release|Mixed Platforms.ActiveCfg = Release|Any CPU
		{96179AC6-F6F1-40C3-9FDD-4F6582F54C5C}.Release|Mixed Platforms.Build.0 = Release|Any CPU
		{96179AC6-F6F1-40C3-9FDD-4F6582F54C5C}.Release|x86.ActiveCfg = Release|Any CPU
		{96179AC6-F6F1-40C3-9FDD-4F6582F54C5C}.Signed|Any CPU.ActiveCfg = Signed|Any CPU
		{96179AC6-F6F1-40C3-9FDD-4F6582F54C5C}.Signed|Any CPU.Build.0 = Signed|Any CPU
		{96179AC6-F6F1-40C3-9FDD-4F6582F54C5C}.Signed|Mixed Platforms.ActiveCfg = Signed|Any CPU
		{96179AC6-F6F1-40C3-9FDD-4F6582F54C5C}.Signed|Mixed Platforms.Build.0 = Signed|Any CPU
		{96179AC6-F6F1-40C3-9FDD-4F6582F54C5C}.Signed|x86.ActiveCfg = Signed|Any CPU
		{96179AC6-F6F1-40C3-9FDD-4F6582F54C5C}.STATIC_ONLY NO_EXPRESSIONS|Any CPU.ActiveCfg = STATIC_ONLY NO_EXPRESSIONS|Any CPU
		{96179AC6-F6F1-40C3-9FDD-4F6582F54C5C}.STATIC_ONLY NO_EXPRESSIONS|Any CPU.Build.0 = STATIC_ONLY NO_EXPRESSIONS|Any CPU
		{96179AC6-F6F1-40C3-9FDD-4F6582F54C5C}.STATIC_ONLY NO_EXPRESSIONS|Mixed Platforms.ActiveCfg = STATIC_ONLY NO_EXPRESSIONS|Any CPU
		{96179AC6-F6F1-40C3-9FDD-4F6582F54C5C}.STATIC_ONLY NO_EXPRESSIONS|Mixed Platforms.Build.0 = STATIC_ONLY NO_EXPRESSIONS|Any CPU
		{96179AC6-F6F1-40C3-9FDD-4F6582F54C5C}.STATIC_ONLY NO_EXPRESSIONS|x86.ActiveCfg = STATIC_ONLY NO_EXPRESSIONS|Any CPU
		{6F851563-08F6-4692-89F8-F1D6C86F0069}.Debug|Any CPU.ActiveCfg = Debug|Any CPU
		{6F851563-08F6-4692-89F8-F1D6C86F0069}.Debug|Any CPU.Build.0 = Debug|Any CPU
		{6F851563-08F6-4692-89F8-F1D6C86F0069}.Debug|Mixed Platforms.ActiveCfg = Debug|Any CPU
		{6F851563-08F6-4692-89F8-F1D6C86F0069}.Debug|Mixed Platforms.Build.0 = Debug|Any CPU
		{6F851563-08F6-4692-89F8-F1D6C86F0069}.Debug|x86.ActiveCfg = Debug|Any CPU
		{6F851563-08F6-4692-89F8-F1D6C86F0069}.MonoTouch|Any CPU.ActiveCfg = Signed|Any CPU
		{6F851563-08F6-4692-89F8-F1D6C86F0069}.MonoTouch|Any CPU.Build.0 = Signed|Any CPU
		{6F851563-08F6-4692-89F8-F1D6C86F0069}.MonoTouch|Mixed Platforms.ActiveCfg = Signed|Any CPU
		{6F851563-08F6-4692-89F8-F1D6C86F0069}.MonoTouch|Mixed Platforms.Build.0 = Signed|Any CPU
		{6F851563-08F6-4692-89F8-F1D6C86F0069}.MonoTouch|x86.ActiveCfg = Signed|Any CPU
		{6F851563-08F6-4692-89F8-F1D6C86F0069}.Release|Any CPU.ActiveCfg = Release|Any CPU
		{6F851563-08F6-4692-89F8-F1D6C86F0069}.Release|Any CPU.Build.0 = Release|Any CPU
		{6F851563-08F6-4692-89F8-F1D6C86F0069}.Release|Mixed Platforms.ActiveCfg = Release|Any CPU
		{6F851563-08F6-4692-89F8-F1D6C86F0069}.Release|Mixed Platforms.Build.0 = Release|Any CPU
		{6F851563-08F6-4692-89F8-F1D6C86F0069}.Release|x86.ActiveCfg = Release|Any CPU
		{6F851563-08F6-4692-89F8-F1D6C86F0069}.Signed|Any CPU.ActiveCfg = Signed|Any CPU
		{6F851563-08F6-4692-89F8-F1D6C86F0069}.Signed|Any CPU.Build.0 = Signed|Any CPU
		{6F851563-08F6-4692-89F8-F1D6C86F0069}.Signed|Mixed Platforms.ActiveCfg = Signed|Any CPU
		{6F851563-08F6-4692-89F8-F1D6C86F0069}.Signed|Mixed Platforms.Build.0 = Signed|Any CPU
		{6F851563-08F6-4692-89F8-F1D6C86F0069}.Signed|x86.ActiveCfg = Signed|Any CPU
		{6F851563-08F6-4692-89F8-F1D6C86F0069}.STATIC_ONLY NO_EXPRESSIONS|Any CPU.ActiveCfg = Signed|Any CPU
		{6F851563-08F6-4692-89F8-F1D6C86F0069}.STATIC_ONLY NO_EXPRESSIONS|Any CPU.Build.0 = Signed|Any CPU
		{6F851563-08F6-4692-89F8-F1D6C86F0069}.STATIC_ONLY NO_EXPRESSIONS|Mixed Platforms.ActiveCfg = Signed|Any CPU
		{6F851563-08F6-4692-89F8-F1D6C86F0069}.STATIC_ONLY NO_EXPRESSIONS|Mixed Platforms.Build.0 = Signed|Any CPU
		{6F851563-08F6-4692-89F8-F1D6C86F0069}.STATIC_ONLY NO_EXPRESSIONS|x86.ActiveCfg = Signed|Any CPU
		{8DDC697A-D926-4FD5-8960-D63CB01A8D73}.Debug|Any CPU.ActiveCfg = Debug|Any CPU
		{8DDC697A-D926-4FD5-8960-D63CB01A8D73}.Debug|Any CPU.Build.0 = Debug|Any CPU
		{8DDC697A-D926-4FD5-8960-D63CB01A8D73}.Debug|Mixed Platforms.ActiveCfg = Debug|Any CPU
		{8DDC697A-D926-4FD5-8960-D63CB01A8D73}.Debug|Mixed Platforms.Build.0 = Debug|Any CPU
		{8DDC697A-D926-4FD5-8960-D63CB01A8D73}.Debug|x86.ActiveCfg = Debug|Any CPU
		{8DDC697A-D926-4FD5-8960-D63CB01A8D73}.MonoTouch|Any CPU.ActiveCfg = Release|Any CPU
		{8DDC697A-D926-4FD5-8960-D63CB01A8D73}.MonoTouch|Any CPU.Build.0 = Release|Any CPU
		{8DDC697A-D926-4FD5-8960-D63CB01A8D73}.MonoTouch|Mixed Platforms.ActiveCfg = Release|Any CPU
		{8DDC697A-D926-4FD5-8960-D63CB01A8D73}.MonoTouch|Mixed Platforms.Build.0 = Release|Any CPU
		{8DDC697A-D926-4FD5-8960-D63CB01A8D73}.MonoTouch|x86.ActiveCfg = Release|Any CPU
		{8DDC697A-D926-4FD5-8960-D63CB01A8D73}.Release|Any CPU.ActiveCfg = Release|Any CPU
		{8DDC697A-D926-4FD5-8960-D63CB01A8D73}.Release|Any CPU.Build.0 = Release|Any CPU
		{8DDC697A-D926-4FD5-8960-D63CB01A8D73}.Release|Mixed Platforms.ActiveCfg = Release|Any CPU
		{8DDC697A-D926-4FD5-8960-D63CB01A8D73}.Release|Mixed Platforms.Build.0 = Release|Any CPU
		{8DDC697A-D926-4FD5-8960-D63CB01A8D73}.Release|x86.ActiveCfg = Release|Any CPU
		{8DDC697A-D926-4FD5-8960-D63CB01A8D73}.Signed|Any CPU.ActiveCfg = Release|Any CPU
		{8DDC697A-D926-4FD5-8960-D63CB01A8D73}.Signed|Any CPU.Build.0 = Release|Any CPU
		{8DDC697A-D926-4FD5-8960-D63CB01A8D73}.Signed|Mixed Platforms.ActiveCfg = Release|Any CPU
		{8DDC697A-D926-4FD5-8960-D63CB01A8D73}.Signed|Mixed Platforms.Build.0 = Release|Any CPU
		{8DDC697A-D926-4FD5-8960-D63CB01A8D73}.Signed|x86.ActiveCfg = Release|Any CPU
		{8DDC697A-D926-4FD5-8960-D63CB01A8D73}.STATIC_ONLY NO_EXPRESSIONS|Any CPU.ActiveCfg = Release|Any CPU
		{8DDC697A-D926-4FD5-8960-D63CB01A8D73}.STATIC_ONLY NO_EXPRESSIONS|Any CPU.Build.0 = Release|Any CPU
		{8DDC697A-D926-4FD5-8960-D63CB01A8D73}.STATIC_ONLY NO_EXPRESSIONS|Mixed Platforms.ActiveCfg = Release|Any CPU
		{8DDC697A-D926-4FD5-8960-D63CB01A8D73}.STATIC_ONLY NO_EXPRESSIONS|Mixed Platforms.Build.0 = Release|Any CPU
		{8DDC697A-D926-4FD5-8960-D63CB01A8D73}.STATIC_ONLY NO_EXPRESSIONS|x86.ActiveCfg = Release|Any CPU
		{14F12408-B1A7-43E4-8F7C-E501B2680736}.Debug|Any CPU.ActiveCfg = Debug|Any CPU
		{14F12408-B1A7-43E4-8F7C-E501B2680736}.Debug|Any CPU.Build.0 = Debug|Any CPU
		{14F12408-B1A7-43E4-8F7C-E501B2680736}.Debug|Mixed Platforms.ActiveCfg = Debug|Any CPU
		{14F12408-B1A7-43E4-8F7C-E501B2680736}.Debug|Mixed Platforms.Build.0 = Debug|Any CPU
		{14F12408-B1A7-43E4-8F7C-E501B2680736}.Debug|x86.ActiveCfg = Debug|Any CPU
		{14F12408-B1A7-43E4-8F7C-E501B2680736}.MonoTouch|Any CPU.ActiveCfg = Release|Any CPU
		{14F12408-B1A7-43E4-8F7C-E501B2680736}.MonoTouch|Any CPU.Build.0 = Release|Any CPU
		{14F12408-B1A7-43E4-8F7C-E501B2680736}.MonoTouch|Mixed Platforms.ActiveCfg = Release|Any CPU
		{14F12408-B1A7-43E4-8F7C-E501B2680736}.MonoTouch|Mixed Platforms.Build.0 = Release|Any CPU
		{14F12408-B1A7-43E4-8F7C-E501B2680736}.MonoTouch|x86.ActiveCfg = Release|Any CPU
		{14F12408-B1A7-43E4-8F7C-E501B2680736}.Release|Any CPU.ActiveCfg = Release|Any CPU
		{14F12408-B1A7-43E4-8F7C-E501B2680736}.Release|Any CPU.Build.0 = Release|Any CPU
		{14F12408-B1A7-43E4-8F7C-E501B2680736}.Release|Mixed Platforms.ActiveCfg = Release|Any CPU
		{14F12408-B1A7-43E4-8F7C-E501B2680736}.Release|Mixed Platforms.Build.0 = Release|Any CPU
		{14F12408-B1A7-43E4-8F7C-E501B2680736}.Release|x86.ActiveCfg = Release|Any CPU
		{14F12408-B1A7-43E4-8F7C-E501B2680736}.Signed|Any CPU.ActiveCfg = Release|Any CPU
		{14F12408-B1A7-43E4-8F7C-E501B2680736}.Signed|Any CPU.Build.0 = Release|Any CPU
		{14F12408-B1A7-43E4-8F7C-E501B2680736}.Signed|Mixed Platforms.ActiveCfg = Release|Any CPU
		{14F12408-B1A7-43E4-8F7C-E501B2680736}.Signed|Mixed Platforms.Build.0 = Release|Any CPU
		{14F12408-B1A7-43E4-8F7C-E501B2680736}.Signed|x86.ActiveCfg = Release|Any CPU
		{14F12408-B1A7-43E4-8F7C-E501B2680736}.STATIC_ONLY NO_EXPRESSIONS|Any CPU.ActiveCfg = Release|Any CPU
		{14F12408-B1A7-43E4-8F7C-E501B2680736}.STATIC_ONLY NO_EXPRESSIONS|Any CPU.Build.0 = Release|Any CPU
		{14F12408-B1A7-43E4-8F7C-E501B2680736}.STATIC_ONLY NO_EXPRESSIONS|Mixed Platforms.ActiveCfg = Release|Any CPU
		{14F12408-B1A7-43E4-8F7C-E501B2680736}.STATIC_ONLY NO_EXPRESSIONS|Mixed Platforms.Build.0 = Release|Any CPU
		{14F12408-B1A7-43E4-8F7C-E501B2680736}.STATIC_ONLY NO_EXPRESSIONS|x86.ActiveCfg = Release|Any CPU
		{7FC682E3-F9F9-4EDA-B743-45773440E6AC}.Debug|Any CPU.ActiveCfg = Debug|Any CPU
		{7FC682E3-F9F9-4EDA-B743-45773440E6AC}.Debug|Any CPU.Build.0 = Debug|Any CPU
		{7FC682E3-F9F9-4EDA-B743-45773440E6AC}.Debug|Mixed Platforms.ActiveCfg = Debug|Any CPU
		{7FC682E3-F9F9-4EDA-B743-45773440E6AC}.Debug|Mixed Platforms.Build.0 = Debug|Any CPU
		{7FC682E3-F9F9-4EDA-B743-45773440E6AC}.Debug|x86.ActiveCfg = Debug|Any CPU
		{7FC682E3-F9F9-4EDA-B743-45773440E6AC}.MonoTouch|Any CPU.ActiveCfg = Release|Any CPU
		{7FC682E3-F9F9-4EDA-B743-45773440E6AC}.MonoTouch|Any CPU.Build.0 = Release|Any CPU
		{7FC682E3-F9F9-4EDA-B743-45773440E6AC}.MonoTouch|Mixed Platforms.ActiveCfg = Release|Any CPU
		{7FC682E3-F9F9-4EDA-B743-45773440E6AC}.MonoTouch|Mixed Platforms.Build.0 = Release|Any CPU
		{7FC682E3-F9F9-4EDA-B743-45773440E6AC}.MonoTouch|x86.ActiveCfg = Release|Any CPU
		{7FC682E3-F9F9-4EDA-B743-45773440E6AC}.Release|Any CPU.ActiveCfg = Release|Any CPU
		{7FC682E3-F9F9-4EDA-B743-45773440E6AC}.Release|Any CPU.Build.0 = Release|Any CPU
		{7FC682E3-F9F9-4EDA-B743-45773440E6AC}.Release|Mixed Platforms.ActiveCfg = Release|Any CPU
		{7FC682E3-F9F9-4EDA-B743-45773440E6AC}.Release|Mixed Platforms.Build.0 = Release|Any CPU
		{7FC682E3-F9F9-4EDA-B743-45773440E6AC}.Release|x86.ActiveCfg = Release|Any CPU
		{7FC682E3-F9F9-4EDA-B743-45773440E6AC}.Signed|Any CPU.ActiveCfg = Release|Any CPU
		{7FC682E3-F9F9-4EDA-B743-45773440E6AC}.Signed|Any CPU.Build.0 = Release|Any CPU
		{7FC682E3-F9F9-4EDA-B743-45773440E6AC}.Signed|Mixed Platforms.ActiveCfg = Release|Any CPU
		{7FC682E3-F9F9-4EDA-B743-45773440E6AC}.Signed|Mixed Platforms.Build.0 = Release|Any CPU
		{7FC682E3-F9F9-4EDA-B743-45773440E6AC}.Signed|x86.ActiveCfg = Release|Any CPU
		{7FC682E3-F9F9-4EDA-B743-45773440E6AC}.STATIC_ONLY NO_EXPRESSIONS|Any CPU.ActiveCfg = Release|Any CPU
		{7FC682E3-F9F9-4EDA-B743-45773440E6AC}.STATIC_ONLY NO_EXPRESSIONS|Any CPU.Build.0 = Release|Any CPU
		{7FC682E3-F9F9-4EDA-B743-45773440E6AC}.STATIC_ONLY NO_EXPRESSIONS|Mixed Platforms.ActiveCfg = Release|Any CPU
		{7FC682E3-F9F9-4EDA-B743-45773440E6AC}.STATIC_ONLY NO_EXPRESSIONS|Mixed Platforms.Build.0 = Release|Any CPU
		{7FC682E3-F9F9-4EDA-B743-45773440E6AC}.STATIC_ONLY NO_EXPRESSIONS|x86.ActiveCfg = Release|Any CPU
		{8955A839-A3BE-4A01-A75C-2B7DA4462E68}.Debug|Any CPU.ActiveCfg = Debug|Any CPU
		{8955A839-A3BE-4A01-A75C-2B7DA4462E68}.Debug|Any CPU.Build.0 = Debug|Any CPU
		{8955A839-A3BE-4A01-A75C-2B7DA4462E68}.Debug|Mixed Platforms.ActiveCfg = Debug|Any CPU
		{8955A839-A3BE-4A01-A75C-2B7DA4462E68}.Debug|Mixed Platforms.Build.0 = Debug|Any CPU
		{8955A839-A3BE-4A01-A75C-2B7DA4462E68}.Debug|x86.ActiveCfg = Debug|Any CPU
		{8955A839-A3BE-4A01-A75C-2B7DA4462E68}.MonoTouch|Any CPU.ActiveCfg = Release|Any CPU
		{8955A839-A3BE-4A01-A75C-2B7DA4462E68}.MonoTouch|Any CPU.Build.0 = Release|Any CPU
		{8955A839-A3BE-4A01-A75C-2B7DA4462E68}.MonoTouch|Mixed Platforms.ActiveCfg = Release|Any CPU
		{8955A839-A3BE-4A01-A75C-2B7DA4462E68}.MonoTouch|Mixed Platforms.Build.0 = Release|Any CPU
		{8955A839-A3BE-4A01-A75C-2B7DA4462E68}.MonoTouch|x86.ActiveCfg = Release|Any CPU
		{8955A839-A3BE-4A01-A75C-2B7DA4462E68}.Release|Any CPU.ActiveCfg = Release|Any CPU
		{8955A839-A3BE-4A01-A75C-2B7DA4462E68}.Release|Any CPU.Build.0 = Release|Any CPU
		{8955A839-A3BE-4A01-A75C-2B7DA4462E68}.Release|Mixed Platforms.ActiveCfg = Release|Any CPU
		{8955A839-A3BE-4A01-A75C-2B7DA4462E68}.Release|Mixed Platforms.Build.0 = Release|Any CPU
		{8955A839-A3BE-4A01-A75C-2B7DA4462E68}.Release|x86.ActiveCfg = Release|Any CPU
		{8955A839-A3BE-4A01-A75C-2B7DA4462E68}.Signed|Any CPU.ActiveCfg = Release|Any CPU
		{8955A839-A3BE-4A01-A75C-2B7DA4462E68}.Signed|Any CPU.Build.0 = Release|Any CPU
		{8955A839-A3BE-4A01-A75C-2B7DA4462E68}.Signed|Mixed Platforms.ActiveCfg = Release|Any CPU
		{8955A839-A3BE-4A01-A75C-2B7DA4462E68}.Signed|Mixed Platforms.Build.0 = Release|Any CPU
		{8955A839-A3BE-4A01-A75C-2B7DA4462E68}.Signed|x86.ActiveCfg = Release|Any CPU
		{8955A839-A3BE-4A01-A75C-2B7DA4462E68}.STATIC_ONLY NO_EXPRESSIONS|Any CPU.ActiveCfg = Release|Any CPU
		{8955A839-A3BE-4A01-A75C-2B7DA4462E68}.STATIC_ONLY NO_EXPRESSIONS|Any CPU.Build.0 = Release|Any CPU
		{8955A839-A3BE-4A01-A75C-2B7DA4462E68}.STATIC_ONLY NO_EXPRESSIONS|Mixed Platforms.ActiveCfg = Release|Any CPU
		{8955A839-A3BE-4A01-A75C-2B7DA4462E68}.STATIC_ONLY NO_EXPRESSIONS|Mixed Platforms.Build.0 = Release|Any CPU
		{8955A839-A3BE-4A01-A75C-2B7DA4462E68}.STATIC_ONLY NO_EXPRESSIONS|x86.ActiveCfg = Release|Any CPU
		{1BCE2206-A9F9-4381-B4F7-F617998447A1}.Debug|Any CPU.ActiveCfg = Debug|Any CPU
		{1BCE2206-A9F9-4381-B4F7-F617998447A1}.Debug|Any CPU.Build.0 = Debug|Any CPU
		{1BCE2206-A9F9-4381-B4F7-F617998447A1}.Debug|Mixed Platforms.ActiveCfg = Debug|Any CPU
		{1BCE2206-A9F9-4381-B4F7-F617998447A1}.Debug|Mixed Platforms.Build.0 = Debug|Any CPU
		{1BCE2206-A9F9-4381-B4F7-F617998447A1}.Debug|x86.ActiveCfg = Debug|Any CPU
		{1BCE2206-A9F9-4381-B4F7-F617998447A1}.MonoTouch|Any CPU.ActiveCfg = Signed|Any CPU
		{1BCE2206-A9F9-4381-B4F7-F617998447A1}.MonoTouch|Any CPU.Build.0 = Signed|Any CPU
		{1BCE2206-A9F9-4381-B4F7-F617998447A1}.MonoTouch|Mixed Platforms.ActiveCfg = Signed|Any CPU
		{1BCE2206-A9F9-4381-B4F7-F617998447A1}.MonoTouch|Mixed Platforms.Build.0 = Signed|Any CPU
		{1BCE2206-A9F9-4381-B4F7-F617998447A1}.MonoTouch|x86.ActiveCfg = Signed|Any CPU
		{1BCE2206-A9F9-4381-B4F7-F617998447A1}.Release|Any CPU.ActiveCfg = Release|Any CPU
		{1BCE2206-A9F9-4381-B4F7-F617998447A1}.Release|Any CPU.Build.0 = Release|Any CPU
		{1BCE2206-A9F9-4381-B4F7-F617998447A1}.Release|Mixed Platforms.ActiveCfg = Release|Any CPU
		{1BCE2206-A9F9-4381-B4F7-F617998447A1}.Release|Mixed Platforms.Build.0 = Release|Any CPU
		{1BCE2206-A9F9-4381-B4F7-F617998447A1}.Release|x86.ActiveCfg = Release|Any CPU
		{1BCE2206-A9F9-4381-B4F7-F617998447A1}.Signed|Any CPU.ActiveCfg = Signed|Any CPU
		{1BCE2206-A9F9-4381-B4F7-F617998447A1}.Signed|Any CPU.Build.0 = Signed|Any CPU
		{1BCE2206-A9F9-4381-B4F7-F617998447A1}.Signed|Mixed Platforms.ActiveCfg = Signed|Any CPU
		{1BCE2206-A9F9-4381-B4F7-F617998447A1}.Signed|Mixed Platforms.Build.0 = Signed|Any CPU
		{1BCE2206-A9F9-4381-B4F7-F617998447A1}.Signed|x86.ActiveCfg = Signed|Any CPU
		{1BCE2206-A9F9-4381-B4F7-F617998447A1}.STATIC_ONLY NO_EXPRESSIONS|Any CPU.ActiveCfg = Signed|Any CPU
		{1BCE2206-A9F9-4381-B4F7-F617998447A1}.STATIC_ONLY NO_EXPRESSIONS|Any CPU.Build.0 = Signed|Any CPU
		{1BCE2206-A9F9-4381-B4F7-F617998447A1}.STATIC_ONLY NO_EXPRESSIONS|Mixed Platforms.ActiveCfg = Signed|Any CPU
		{1BCE2206-A9F9-4381-B4F7-F617998447A1}.STATIC_ONLY NO_EXPRESSIONS|Mixed Platforms.Build.0 = Signed|Any CPU
		{1BCE2206-A9F9-4381-B4F7-F617998447A1}.STATIC_ONLY NO_EXPRESSIONS|x86.ActiveCfg = Signed|Any CPU
		{839322A2-4589-4AA5-9A86-EF7DE405AC83}.Debug|Any CPU.ActiveCfg = Debug|Any CPU
		{839322A2-4589-4AA5-9A86-EF7DE405AC83}.Debug|Any CPU.Build.0 = Debug|Any CPU
		{839322A2-4589-4AA5-9A86-EF7DE405AC83}.Debug|Mixed Platforms.ActiveCfg = Debug|Any CPU
		{839322A2-4589-4AA5-9A86-EF7DE405AC83}.Debug|Mixed Platforms.Build.0 = Debug|Any CPU
		{839322A2-4589-4AA5-9A86-EF7DE405AC83}.Debug|x86.ActiveCfg = Debug|Any CPU
		{839322A2-4589-4AA5-9A86-EF7DE405AC83}.MonoTouch|Any CPU.ActiveCfg = Release|Any CPU
		{839322A2-4589-4AA5-9A86-EF7DE405AC83}.MonoTouch|Any CPU.Build.0 = Release|Any CPU
		{839322A2-4589-4AA5-9A86-EF7DE405AC83}.MonoTouch|Mixed Platforms.ActiveCfg = Release|Any CPU
		{839322A2-4589-4AA5-9A86-EF7DE405AC83}.MonoTouch|Mixed Platforms.Build.0 = Release|Any CPU
		{839322A2-4589-4AA5-9A86-EF7DE405AC83}.MonoTouch|x86.ActiveCfg = Release|Any CPU
		{839322A2-4589-4AA5-9A86-EF7DE405AC83}.Release|Any CPU.ActiveCfg = Release|Any CPU
		{839322A2-4589-4AA5-9A86-EF7DE405AC83}.Release|Any CPU.Build.0 = Release|Any CPU
		{839322A2-4589-4AA5-9A86-EF7DE405AC83}.Release|Mixed Platforms.ActiveCfg = Release|Any CPU
		{839322A2-4589-4AA5-9A86-EF7DE405AC83}.Release|Mixed Platforms.Build.0 = Release|Any CPU
		{839322A2-4589-4AA5-9A86-EF7DE405AC83}.Release|x86.ActiveCfg = Release|Any CPU
		{839322A2-4589-4AA5-9A86-EF7DE405AC83}.Signed|Any CPU.ActiveCfg = Release|Any CPU
		{839322A2-4589-4AA5-9A86-EF7DE405AC83}.Signed|Any CPU.Build.0 = Release|Any CPU
		{839322A2-4589-4AA5-9A86-EF7DE405AC83}.Signed|Mixed Platforms.ActiveCfg = Release|Any CPU
		{839322A2-4589-4AA5-9A86-EF7DE405AC83}.Signed|Mixed Platforms.Build.0 = Release|Any CPU
		{839322A2-4589-4AA5-9A86-EF7DE405AC83}.Signed|x86.ActiveCfg = Release|Any CPU
		{839322A2-4589-4AA5-9A86-EF7DE405AC83}.STATIC_ONLY NO_EXPRESSIONS|Any CPU.ActiveCfg = Release|Any CPU
		{839322A2-4589-4AA5-9A86-EF7DE405AC83}.STATIC_ONLY NO_EXPRESSIONS|Any CPU.Build.0 = Release|Any CPU
		{839322A2-4589-4AA5-9A86-EF7DE405AC83}.STATIC_ONLY NO_EXPRESSIONS|Mixed Platforms.ActiveCfg = Release|Any CPU
		{839322A2-4589-4AA5-9A86-EF7DE405AC83}.STATIC_ONLY NO_EXPRESSIONS|Mixed Platforms.Build.0 = Release|Any CPU
		{839322A2-4589-4AA5-9A86-EF7DE405AC83}.STATIC_ONLY NO_EXPRESSIONS|x86.ActiveCfg = Release|Any CPU
		{80465BB6-FD12-498B-B367-80A89E19A081}.Debug|Any CPU.ActiveCfg = Debug|Any CPU
		{80465BB6-FD12-498B-B367-80A89E19A081}.Debug|Any CPU.Build.0 = Debug|Any CPU
		{80465BB6-FD12-498B-B367-80A89E19A081}.Debug|Mixed Platforms.ActiveCfg = Debug|Any CPU
		{80465BB6-FD12-498B-B367-80A89E19A081}.Debug|Mixed Platforms.Build.0 = Debug|Any CPU
		{80465BB6-FD12-498B-B367-80A89E19A081}.Debug|x86.ActiveCfg = Debug|Any CPU
		{80465BB6-FD12-498B-B367-80A89E19A081}.MonoTouch|Any CPU.ActiveCfg = Release|Any CPU
		{80465BB6-FD12-498B-B367-80A89E19A081}.MonoTouch|Any CPU.Build.0 = Release|Any CPU
		{80465BB6-FD12-498B-B367-80A89E19A081}.MonoTouch|Mixed Platforms.ActiveCfg = Release|Any CPU
		{80465BB6-FD12-498B-B367-80A89E19A081}.MonoTouch|Mixed Platforms.Build.0 = Release|Any CPU
		{80465BB6-FD12-498B-B367-80A89E19A081}.MonoTouch|x86.ActiveCfg = Release|Any CPU
		{80465BB6-FD12-498B-B367-80A89E19A081}.Release|Any CPU.ActiveCfg = Release|Any CPU
		{80465BB6-FD12-498B-B367-80A89E19A081}.Release|Any CPU.Build.0 = Release|Any CPU
		{80465BB6-FD12-498B-B367-80A89E19A081}.Release|Mixed Platforms.ActiveCfg = Release|Any CPU
		{80465BB6-FD12-498B-B367-80A89E19A081}.Release|Mixed Platforms.Build.0 = Release|Any CPU
		{80465BB6-FD12-498B-B367-80A89E19A081}.Release|x86.ActiveCfg = Release|Any CPU
		{80465BB6-FD12-498B-B367-80A89E19A081}.Signed|Any CPU.ActiveCfg = Release|Any CPU
		{80465BB6-FD12-498B-B367-80A89E19A081}.Signed|Any CPU.Build.0 = Release|Any CPU
		{80465BB6-FD12-498B-B367-80A89E19A081}.Signed|Mixed Platforms.ActiveCfg = Release|Any CPU
		{80465BB6-FD12-498B-B367-80A89E19A081}.Signed|Mixed Platforms.Build.0 = Release|Any CPU
		{80465BB6-FD12-498B-B367-80A89E19A081}.Signed|x86.ActiveCfg = Release|Any CPU
		{80465BB6-FD12-498B-B367-80A89E19A081}.STATIC_ONLY NO_EXPRESSIONS|Any CPU.ActiveCfg = Release|Any CPU
		{80465BB6-FD12-498B-B367-80A89E19A081}.STATIC_ONLY NO_EXPRESSIONS|Any CPU.Build.0 = Release|Any CPU
		{80465BB6-FD12-498B-B367-80A89E19A081}.STATIC_ONLY NO_EXPRESSIONS|Mixed Platforms.ActiveCfg = Release|Any CPU
		{80465BB6-FD12-498B-B367-80A89E19A081}.STATIC_ONLY NO_EXPRESSIONS|Mixed Platforms.Build.0 = Release|Any CPU
		{80465BB6-FD12-498B-B367-80A89E19A081}.STATIC_ONLY NO_EXPRESSIONS|x86.ActiveCfg = Release|Any CPU
		{D829889C-D910-48DC-98A4-BECF932A6AD4}.Debug|Any CPU.ActiveCfg = Debug|Any CPU
		{D829889C-D910-48DC-98A4-BECF932A6AD4}.Debug|Any CPU.Build.0 = Debug|Any CPU
		{D829889C-D910-48DC-98A4-BECF932A6AD4}.Debug|Mixed Platforms.ActiveCfg = Debug|Any CPU
		{D829889C-D910-48DC-98A4-BECF932A6AD4}.Debug|Mixed Platforms.Build.0 = Debug|Any CPU
		{D829889C-D910-48DC-98A4-BECF932A6AD4}.Debug|x86.ActiveCfg = Debug|Any CPU
		{D829889C-D910-48DC-98A4-BECF932A6AD4}.MonoTouch|Any CPU.ActiveCfg = Release|Any CPU
		{D829889C-D910-48DC-98A4-BECF932A6AD4}.MonoTouch|Any CPU.Build.0 = Release|Any CPU
		{D829889C-D910-48DC-98A4-BECF932A6AD4}.MonoTouch|Mixed Platforms.ActiveCfg = Release|Any CPU
		{D829889C-D910-48DC-98A4-BECF932A6AD4}.MonoTouch|Mixed Platforms.Build.0 = Release|Any CPU
		{D829889C-D910-48DC-98A4-BECF932A6AD4}.MonoTouch|x86.ActiveCfg = Release|Any CPU
		{D829889C-D910-48DC-98A4-BECF932A6AD4}.Release|Any CPU.ActiveCfg = Release|Any CPU
		{D829889C-D910-48DC-98A4-BECF932A6AD4}.Release|Any CPU.Build.0 = Release|Any CPU
		{D829889C-D910-48DC-98A4-BECF932A6AD4}.Release|Mixed Platforms.ActiveCfg = Release|Any CPU
		{D829889C-D910-48DC-98A4-BECF932A6AD4}.Release|Mixed Platforms.Build.0 = Release|Any CPU
		{D829889C-D910-48DC-98A4-BECF932A6AD4}.Release|x86.ActiveCfg = Release|Any CPU
		{D829889C-D910-48DC-98A4-BECF932A6AD4}.Signed|Any CPU.ActiveCfg = Release|Any CPU
		{D829889C-D910-48DC-98A4-BECF932A6AD4}.Signed|Any CPU.Build.0 = Release|Any CPU
		{D829889C-D910-48DC-98A4-BECF932A6AD4}.Signed|Mixed Platforms.ActiveCfg = Release|Any CPU
		{D829889C-D910-48DC-98A4-BECF932A6AD4}.Signed|Mixed Platforms.Build.0 = Release|Any CPU
		{D829889C-D910-48DC-98A4-BECF932A6AD4}.Signed|x86.ActiveCfg = Release|Any CPU
		{D829889C-D910-48DC-98A4-BECF932A6AD4}.STATIC_ONLY NO_EXPRESSIONS|Any CPU.ActiveCfg = Release|Any CPU
		{D829889C-D910-48DC-98A4-BECF932A6AD4}.STATIC_ONLY NO_EXPRESSIONS|Any CPU.Build.0 = Release|Any CPU
		{D829889C-D910-48DC-98A4-BECF932A6AD4}.STATIC_ONLY NO_EXPRESSIONS|Mixed Platforms.ActiveCfg = Release|Any CPU
		{D829889C-D910-48DC-98A4-BECF932A6AD4}.STATIC_ONLY NO_EXPRESSIONS|Mixed Platforms.Build.0 = Release|Any CPU
		{D829889C-D910-48DC-98A4-BECF932A6AD4}.STATIC_ONLY NO_EXPRESSIONS|x86.ActiveCfg = Release|Any CPU
		{23CD4BA9-36A1-4A8E-A7D1-B1034AEF3344}.Debug|Any CPU.ActiveCfg = Debug|Any CPU
		{23CD4BA9-36A1-4A8E-A7D1-B1034AEF3344}.Debug|Any CPU.Build.0 = Debug|Any CPU
		{23CD4BA9-36A1-4A8E-A7D1-B1034AEF3344}.Debug|Mixed Platforms.ActiveCfg = Debug|Any CPU
		{23CD4BA9-36A1-4A8E-A7D1-B1034AEF3344}.Debug|Mixed Platforms.Build.0 = Debug|Any CPU
		{23CD4BA9-36A1-4A8E-A7D1-B1034AEF3344}.Debug|x86.ActiveCfg = Debug|Any CPU
		{23CD4BA9-36A1-4A8E-A7D1-B1034AEF3344}.MonoTouch|Any CPU.ActiveCfg = Release|Any CPU
		{23CD4BA9-36A1-4A8E-A7D1-B1034AEF3344}.MonoTouch|Any CPU.Build.0 = Release|Any CPU
		{23CD4BA9-36A1-4A8E-A7D1-B1034AEF3344}.MonoTouch|Mixed Platforms.ActiveCfg = Release|Any CPU
		{23CD4BA9-36A1-4A8E-A7D1-B1034AEF3344}.MonoTouch|Mixed Platforms.Build.0 = Release|Any CPU
		{23CD4BA9-36A1-4A8E-A7D1-B1034AEF3344}.MonoTouch|x86.ActiveCfg = Release|Any CPU
		{23CD4BA9-36A1-4A8E-A7D1-B1034AEF3344}.Release|Any CPU.ActiveCfg = Release|Any CPU
		{23CD4BA9-36A1-4A8E-A7D1-B1034AEF3344}.Release|Any CPU.Build.0 = Release|Any CPU
		{23CD4BA9-36A1-4A8E-A7D1-B1034AEF3344}.Release|Mixed Platforms.ActiveCfg = Release|Any CPU
		{23CD4BA9-36A1-4A8E-A7D1-B1034AEF3344}.Release|Mixed Platforms.Build.0 = Release|Any CPU
		{23CD4BA9-36A1-4A8E-A7D1-B1034AEF3344}.Release|x86.ActiveCfg = Release|Any CPU
		{23CD4BA9-36A1-4A8E-A7D1-B1034AEF3344}.Signed|Any CPU.ActiveCfg = Release|Any CPU
		{23CD4BA9-36A1-4A8E-A7D1-B1034AEF3344}.Signed|Any CPU.Build.0 = Release|Any CPU
		{23CD4BA9-36A1-4A8E-A7D1-B1034AEF3344}.Signed|Mixed Platforms.ActiveCfg = Release|Any CPU
		{23CD4BA9-36A1-4A8E-A7D1-B1034AEF3344}.Signed|Mixed Platforms.Build.0 = Release|Any CPU
		{23CD4BA9-36A1-4A8E-A7D1-B1034AEF3344}.Signed|x86.ActiveCfg = Release|Any CPU
		{23CD4BA9-36A1-4A8E-A7D1-B1034AEF3344}.STATIC_ONLY NO_EXPRESSIONS|Any CPU.ActiveCfg = Release|Any CPU
		{23CD4BA9-36A1-4A8E-A7D1-B1034AEF3344}.STATIC_ONLY NO_EXPRESSIONS|Any CPU.Build.0 = Release|Any CPU
		{23CD4BA9-36A1-4A8E-A7D1-B1034AEF3344}.STATIC_ONLY NO_EXPRESSIONS|Mixed Platforms.ActiveCfg = Release|Any CPU
		{23CD4BA9-36A1-4A8E-A7D1-B1034AEF3344}.STATIC_ONLY NO_EXPRESSIONS|Mixed Platforms.Build.0 = Release|Any CPU
		{23CD4BA9-36A1-4A8E-A7D1-B1034AEF3344}.STATIC_ONLY NO_EXPRESSIONS|x86.ActiveCfg = Release|Any CPU
	EndGlobalSection
	GlobalSection(SolutionProperties) = preSolution
		HideSolutionNode = FALSE
	EndGlobalSection
	GlobalSection(NestedProjects) = preSolution
		{DDCADBEE-4C66-43BD-A1C8-76265134B9F2} = {319C9C5F-640B-48E5-B42D-24D09DD5DECE}
		{3B98F11D-5383-4856-B82A-9EB6AE800603} = {319C9C5F-640B-48E5-B42D-24D09DD5DECE}
		{0CB524D0-68CB-47B8-8B9F-9915CBE19F31} = {319C9C5F-640B-48E5-B42D-24D09DD5DECE}
		{A88DC383-2528-477E-8342-6180F0A3E280} = {319C9C5F-640B-48E5-B42D-24D09DD5DECE}
		{6FA34017-09CB-4C8F-8EF0-D137970C614E} = {319C9C5F-640B-48E5-B42D-24D09DD5DECE}
		{5049C9DD-61B4-4410-A195-5C8E31F53038} = {319C9C5F-640B-48E5-B42D-24D09DD5DECE}
		{BA9B8BA4-B971-429B-8F42-7D5633EBE625} = {319C9C5F-640B-48E5-B42D-24D09DD5DECE}
		{4491A96C-6C9D-4DFF-B576-FE801C2E49AD} = {319C9C5F-640B-48E5-B42D-24D09DD5DECE}
		{96179AC6-F6F1-40C3-9FDD-4F6582F54C5C} = {319C9C5F-640B-48E5-B42D-24D09DD5DECE}
		{6F851563-08F6-4692-89F8-F1D6C86F0069} = {319C9C5F-640B-48E5-B42D-24D09DD5DECE}
		{1BCE2206-A9F9-4381-B4F7-F617998447A1} = {319C9C5F-640B-48E5-B42D-24D09DD5DECE}
		{80465BB6-FD12-498B-B367-80A89E19A081} = {319C9C5F-640B-48E5-B42D-24D09DD5DECE}
	EndGlobalSection
EndGlobal
